
Microsoft Visual Studio Solution File, Format Version 12.00
# Visual Studio Version 16
VisualStudioVersion = 16.0.29411.108
MinimumVisualStudioVersion = 10.0.40219.1
Project("{FAE04EC0-301F-11D3-BF4B-00C04F79EFBC}") = "ClassAttendanceWeb2", "ClassAttendanceWeb2\ClassAttendanceWeb2.csproj", "{C6F46338-4F42-4B22-9BDD-51621FEF45D7}"
EndProject
Global
	GlobalSection(SolutionConfigurationPlatforms) = preSolution
		Debug|Any CPU = Debug|Any CPU
		Release|Any CPU = Release|Any CPU
	EndGlobalSection
	GlobalSection(ProjectConfigurationPlatforms) = postSolution
		{C6F46338-4F42-4B22-9BDD-51621FEF45D7}.Debug|Any CPU.ActiveCfg = Debug|Any CPU
		{C6F46338-4F42-4B22-9BDD-51621FEF45D7}.Debug|Any CPU.Build.0 = Debug|Any CPU
		{C6F46338-4F42-4B22-9BDD-51621FEF45D7}.Release|Any CPU.ActiveCfg = Release|Any CPU
		{C6F46338-4F42-4B22-9BDD-51621FEF45D7}.Release|Any CPU.Build.0 = Release|Any CPU
	EndGlobalSection
	GlobalSection(SolutionProperties) = preSolution
		HideSolutionNode = FALSE
	EndGlobalSection
	GlobalSection(ExtensibilityGlobals) = postSolution
		SolutionGuid = {B4B77982-3DF9-40A1-96E9-603F5003782E}
	EndGlobalSection
EndGlobal
